
Microsoft Visual Studio Solution File, Format Version 12.00
# Visual Studio Version 16
VisualStudioVersion = 16.0.810.23
MinimumVisualStudioVersion = 10.0.40219.1
Project("{FAE04EC0-301F-11D3-BF4B-00C04F79EFBC}") = "MethodsAssignment2", "MethodsAssignment2\MethodsAssignment2.csproj", "{0CAA102D-D701-4045-B0F1-B4991A7FACE6}"
EndProject
Global
	GlobalSection(SolutionConfigurationPlatforms) = preSolution
		Debug|Any CPU = Debug|Any CPU
		Release|Any CPU = Release|Any CPU
	EndGlobalSection
	GlobalSection(ProjectConfigurationPlatforms) = postSolution
		{0CAA102D-D701-4045-B0F1-B4991A7FACE6}.Debug|Any CPU.ActiveCfg = Debug|Any CPU
		{0CAA102D-D701-4045-B0F1-B4991A7FACE6}.Debug|Any CPU.Build.0 = Debug|Any CPU
		{0CAA102D-D701-4045-B0F1-B4991A7FACE6}.Release|Any CPU.ActiveCfg = Release|Any CPU
		{0CAA102D-D701-4045-B0F1-B4991A7FACE6}.Release|Any CPU.Build.0 = Release|Any CPU
	EndGlobalSection
	GlobalSection(SolutionProperties) = preSolution
		HideSolutionNode = FALSE
	EndGlobalSection
	GlobalSection(ExtensibilityGlobals) = postSolution
		SolutionGuid = {91B07447-D8FA-4F2A-B52E-678E07F8E67A}
	EndGlobalSection
EndGlobal
